{
  "name": "@littleq/spa-lite",
  "version": "0.0.0",
  "lockfileVersion": 1,
  "requires": true,
  "dependencies": {
    "@littleq/core-lite": {
      "version": "0.0.1-1",
      "resolved": "https://registry.npmjs.org/@littleq/core-lite/-/core-lite-0.0.1-1.tgz",
      "integrity": "sha512-pYN22UdYTyLggezV0xz72rjf2yni6fSUVkv3mms4G+K/pOHJqPJ+v3im+G9KDoNtptIA4X7etCQ90VAX7ygIFA==",
      "requires": {
        "@littleq/location-lite": "0.1.3",
        "@littleq/query-lite": "0.1.1",
        "@littleq/router-lite": "0.1.1-2",
        "@littleq/template-loader-lite": "0.0.2-1",
        "@littleq/template-viewer-lite": "0.0.2-1"
      }
    },
    "@littleq/location-lite": {
      "version": "0.1.3",
      "resolved": "https://registry.npmjs.org/@littleq/location-lite/-/location-lite-0.1.3.tgz",
      "integrity": "sha512-y5S1Mjq9NV2yLDB2FhaGrkhhbKJDkzl1u8+rRfHELCDOkTV10WRq3w8ldYlETtb7jtFA8b8WZ6ioZlchLYUvWw=="
    },
    "@littleq/query-lite": {
      "version": "0.1.1",
      "resolved": "https://registry.npmjs.org/@littleq/query-lite/-/query-lite-0.1.1.tgz",
      "integrity": "sha512-Xr5jIrgxMiuDoEX8RT28e8JPNqjHYrmHVO90CPRhgPpc3Zgs0CNa5PlS4YSwwHGUifoeqSzko14bBxEVpJo6Nw=="
    },
    "@littleq/router-lite": {
      "version": "0.1.1-2",
      "resolved": "https://registry.npmjs.org/@littleq/router-lite/-/router-lite-0.1.1-2.tgz",
      "integrity": "sha512-PNmVzbssZi4ZgBtDc52xlvi9cogJEdpbMD9GsQamHungz4NGjHyXHdc2Qq00bb5GmcCSK8DiY/VcE3AlrgmHVg==",
      "requires": {
        "path-to-regexp": "2.2.0"
      }
    },
    "@littleq/template-loader-lite": {
      "version": "0.0.2-1",
      "resolved": "https://registry.npmjs.org/@littleq/template-loader-lite/-/template-loader-lite-0.0.2-1.tgz",
      "integrity": "sha512-/aMGe/oIYPXTexoMCAHIOldF3g7uOIVB8KkA810bPfM4ahfyGwMP5RwhCFEgblra4G2npb6T4Dd2u3wQvECXgQ=="
    },
    "@littleq/template-viewer-lite": {
      "version": "0.0.2-1",
      "resolved": "https://registry.npmjs.org/@littleq/template-viewer-lite/-/template-viewer-lite-0.0.2-1.tgz",
      "integrity": "sha512-Xv6ZQn/P7ZclcSTx3WBqcEUckakcqzHYAY/dXVRcDXOeChj72XonzH+HNoq3dryeQEAnt5OBkLJ1L08GkZuLAw=="
    },
    "path-to-regexp": {
      "version": "2.2.0",
      "resolved": "https://registry.npmjs.org/path-to-regexp/-/path-to-regexp-2.2.0.tgz",
      "integrity": "sha512-zJcOPeBsraLjWXwUzFMPzH3QO2CmO1yRggtADPJjOTyCF5csQxfUGJL+CbyyRvIS09wOipi4F/fgRhdmVGSwxQ=="
    }
  }
}
